// !$*UTF8*$!
{
	archiveVersion = 1;
	classes = {
	};
	objectVersion = 50;
	objects = {

/* Begin PBXBuildFile section */
		570D760922B1888B000795BB /* StationDetailView.swift in Sources */ = {isa = PBXBuildFile; fileRef = 570D760822B1888B000795BB /* StationDetailView.swift */; };
		575B1F7022B18734002A18B0 /* AppDelegate.swift in Sources */ = {isa = PBXBuildFile; fileRef = 575B1F6F22B18734002A18B0 /* AppDelegate.swift */; };
		575B1F7222B18734002A18B0 /* SceneDelegate.swift in Sources */ = {isa = PBXBuildFile; fileRef = 575B1F7122B18734002A18B0 /* SceneDelegate.swift */; };
		575B1F7422B18734002A18B0 /* MainListView.swift in Sources */ = {isa = PBXBuildFile; fileRef = 575B1F7322B18734002A18B0 /* MainListView.swift */; };
		575B1F7622B18736002A18B0 /* Assets.xcassets in Resources */ = {isa = PBXBuildFile; fileRef = 575B1F7522B18736002A18B0 /* Assets.xcassets */; };
		575B1F7922B18736002A18B0 /* Preview Assets.xcassets in Resources */ = {isa = PBXBuildFile; fileRef = 575B1F7822B18736002A18B0 /* Preview Assets.xcassets */; };
		575B1F7C22B18736002A18B0 /* LaunchScreen.storyboard in Resources */ = {isa = PBXBuildFile; fileRef = 575B1F7A22B18736002A18B0 /* LaunchScreen.storyboard */; };
		575B1F8722B18768002A18B0 /* CombineNetworking.swift in Sources */ = {isa = PBXBuildFile; fileRef = 575B1F8322B18767002A18B0 /* CombineNetworking.swift */; };
		575B1F8A22B18768002A18B0 /* Constants.swift in Sources */ = {isa = PBXBuildFile; fileRef = 575B1F8622B18768002A18B0 /* Constants.swift */; };
		575B1F8C22B187A1002A18B0 /* data in Resources */ = {isa = PBXBuildFile; fileRef = 575B1F8B22B187A1002A18B0 /* data */; };
		57DD097C22B8376900E4CFAE /* CodableStructs.swift in Sources */ = {isa = PBXBuildFile; fileRef = 57DD097B22B8376900E4CFAE /* CodableStructs.swift */; };
		57DD098022B8377700E4CFAE /* TestData.swift in Sources */ = {isa = PBXBuildFile; fileRef = 57DD097F22B8377600E4CFAE /* TestData.swift */; };
		57F0F49322B4364A001361AB /* MapView.swift in Sources */ = {isa = PBXBuildFile; fileRef = 57F0F49222B4364A001361AB /* MapView.swift */; };
		57F8B78522B979EA00613CCB /* BikeModelDemo.swift in Sources */ = {isa = PBXBuildFile; fileRef = 57DD097722B7F32C00E4CFAE /* BikeModelDemo.swift */; };
/* End PBXBuildFile section */

/* Begin PBXFileReference section */
		570D760822B1888B000795BB /* StationDetailView.swift */ = {isa = PBXFileReference; lastKnownFileType = sourcecode.swift; path = StationDetailView.swift; sourceTree = "<group>"; };
		575B1F6C22B18734002A18B0 /* BikeTestSwiftUICombine.app */ = {isa = PBXFileReference; explicitFileType = wrapper.application; includeInIndex = 0; path = BikeTestSwiftUICombine.app; sourceTree = BUILT_PRODUCTS_DIR; };
		575B1F6F22B18734002A18B0 /* AppDelegate.swift */ = {isa = PBXFileReference; lastKnownFileType = sourcecode.swift; path = AppDelegate.swift; sourceTree = "<group>"; };
		575B1F7122B18734002A18B0 /* SceneDelegate.swift */ = {isa = PBXFileReference; lastKnownFileType = sourcecode.swift; path = SceneDelegate.swift; sourceTree = "<group>"; };
		575B1F7322B18734002A18B0 /* MainListView.swift */ = {isa = PBXFileReference; lastKnownFileType = sourcecode.swift; path = MainListView.swift; sourceTree = "<group>"; };
		575B1F7522B18736002A18B0 /* Assets.xcassets */ = {isa = PBXFileReference; lastKnownFileType = folder.assetcatalog; path = Assets.xcassets; sourceTree = "<group>"; };
		575B1F7822B18736002A18B0 /* Preview Assets.xcassets */ = {isa = PBXFileReference; lastKnownFileType = folder.assetcatalog; path = "Preview Assets.xcassets"; sourceTree = "<group>"; };
		575B1F7B22B18736002A18B0 /* Base */ = {isa = PBXFileReference; lastKnownFileType = file.storyboard; name = Base; path = Base.lproj/LaunchScreen.storyboard; sourceTree = "<group>"; };
		575B1F7D22B18736002A18B0 /* Info.plist */ = {isa = PBXFileReference; lastKnownFileType = text.plist.xml; path = Info.plist; sourceTree = "<group>"; };
		575B1F8322B18767002A18B0 /* CombineNetworking.swift */ = {isa = PBXFileReference; fileEncoding = 4; lastKnownFileType = sourcecode.swift; path = CombineNetworking.swift; sourceTree = "<group>"; };
		575B1F8622B18768002A18B0 /* Constants.swift */ = {isa = PBXFileReference; fileEncoding = 4; lastKnownFileType = sourcecode.swift; path = Constants.swift; sourceTree = "<group>"; };
		575B1F8B22B187A1002A18B0 /* data */ = {isa = PBXFileReference; lastKnownFileType = folder; path = data; sourceTree = "<group>"; };
		57633D7522B2E87A00025F7F /* README.md */ = {isa = PBXFileReference; lastKnownFileType = net.daringfireball.markdown; path = README.md; sourceTree = "<group>"; };
		57DD097722B7F32C00E4CFAE /* BikeModelDemo.swift */ = {isa = PBXFileReference; fileEncoding = 4; lastKnownFileType = sourcecode.swift; path = BikeModelDemo.swift; sourceTree = "<group>"; };
		57DD097B22B8376900E4CFAE /* CodableStructs.swift */ = {isa = PBXFileReference; lastKnownFileType = sourcecode.swift; path = CodableStructs.swift; sourceTree = "<group>"; };
		57DD097D22B8377400E4CFAE /* BikeModel.swift */ = {isa = PBXFileReference; lastKnownFileType = sourcecode.swift; path = BikeModel.swift; sourceTree = "<group>"; };
		57DD097F22B8377600E4CFAE /* TestData.swift */ = {isa = PBXFileReference; lastKnownFileType = sourcecode.swift; path = TestData.swift; sourceTree = "<group>"; };
		57F0F49222B4364A001361AB /* MapView.swift */ = {isa = PBXFileReference; lastKnownFileType = sourcecode.swift; path = MapView.swift; sourceTree = "<group>"; };
/* End PBXFileReference section */

/* Begin PBXFrameworksBuildPhase section */
		575B1F6922B18734002A18B0 /* Frameworks */ = {
			isa = PBXFrameworksBuildPhase;
			buildActionMask = 2147483647;
			files = (
			);
			runOnlyForDeploymentPostprocessing = 0;
		};
/* End PBXFrameworksBuildPhase section */

/* Begin PBXGroup section */
		575B1F6322B18734002A18B0 = {
			isa = PBXGroup;
			children = (
				57633D7522B2E87A00025F7F /* README.md */,
				575B1F6E22B18734002A18B0 /* test */,
				575B1F6D22B18734002A18B0 /* Products */,
			);
			sourceTree = "<group>";
		};
		575B1F6D22B18734002A18B0 /* Products */ = {
			isa = PBXGroup;
			children = (
				575B1F6C22B18734002A18B0 /* BikeTestSwiftUICombine.app */,
			);
			name = Products;
			sourceTree = "<group>";
		};
		575B1F6E22B18734002A18B0 /* test */ = {
			isa = PBXGroup;
			children = (
				575B1F8B22B187A1002A18B0 /* data */,
				57DD097722B7F32C00E4CFAE /* BikeModelDemo.swift */,
				57DD097F22B8377600E4CFAE /* TestData.swift */,
				57DD097D22B8377400E4CFAE /* BikeModel.swift */,
				57DD097B22B8376900E4CFAE /* CodableStructs.swift */,
				575B1F8322B18767002A18B0 /* CombineNetworking.swift */,
				575B1F8622B18768002A18B0 /* Constants.swift */,
				575B1F6F22B18734002A18B0 /* AppDelegate.swift */,
				575B1F7122B18734002A18B0 /* SceneDelegate.swift */,
				575B1F7322B18734002A18B0 /* MainListView.swift */,
				570D760822B1888B000795BB /* StationDetailView.swift */,
				57F0F49222B4364A001361AB /* MapView.swift */,
				575B1F7522B18736002A18B0 /* Assets.xcassets */,
				575B1F7A22B18736002A18B0 /* LaunchScreen.storyboard */,
				575B1F7D22B18736002A18B0 /* Info.plist */,
				575B1F7722B18736002A18B0 /* Preview Content */,
			);
			path = test;
			sourceTree = "<group>";
		};
		575B1F7722B18736002A18B0 /* Preview Content */ = {
			isa = PBXGroup;
			children = (
				575B1F7822B18736002A18B0 /* Preview Assets.xcassets */,
			);
			path = "Preview Content";
			sourceTree = "<group>";
		};
/* End PBXGroup section */

/* Begin PBXNativeTarget section */
		575B1F6B22B18734002A18B0 /* BikeTestSwiftUICombine */ = {
			isa = PBXNativeTarget;
			buildConfigurationList = 575B1F8022B18736002A18B0 /* Build configuration list for PBXNativeTarget "BikeTestSwiftUICombine" */;
			buildPhases = (
				575B1F6822B18734002A18B0 /* Sources */,
				575B1F6922B18734002A18B0 /* Frameworks */,
				575B1F6A22B18734002A18B0 /* Resources */,
			);
			buildRules = (
			);
			dependencies = (
			);
			name = BikeTestSwiftUICombine;
			productName = test;
			productReference = 575B1F6C22B18734002A18B0 /* BikeTestSwiftUICombine.app */;
			productType = "com.apple.product-type.application";
		};
/* End PBXNativeTarget section */

/* Begin PBXProject section */
		575B1F6422B18734002A18B0 /* Project object */ = {
			isa = PBXProject;
			attributes = {
				LastSwiftUpdateCheck = 1100;
				LastUpgradeCheck = 1100;
				ORGANIZATIONNAME = "Joss Manger";
				TargetAttributes = {
					575B1F6B22B18734002A18B0 = {
						CreatedOnToolsVersion = 11.0;
					};
				};
			};
			buildConfigurationList = 575B1F6722B18734002A18B0 /* Build configuration list for PBXProject "BikeTestSwiftUICombine" */;
			compatibilityVersion = "Xcode 9.3";
			developmentRegion = en;
			hasScannedForEncodings = 0;
			knownRegions = (
				en,
				Base,
			);
			mainGroup = 575B1F6322B18734002A18B0;
			productRefGroup = 575B1F6D22B18734002A18B0 /* Products */;
			projectDirPath = "";
			projectRoot = "";
			targets = (
				575B1F6B22B18734002A18B0 /* BikeTestSwiftUICombine */,
			);
		};
/* End PBXProject section */

/* Begin PBXResourcesBuildPhase section */
		575B1F6A22B18734002A18B0 /* Resources */ = {
			isa = PBXResourcesBuildPhase;
			buildActionMask = 2147483647;
			files = (
				575B1F7C22B18736002A18B0 /* LaunchScreen.storyboard in Resources */,
				575B1F7922B18736002A18B0 /* Preview Assets.xcassets in Resources */,
				575B1F8C22B187A1002A18B0 /* data in Resources */,
				575B1F7622B18736002A18B0 /* Assets.xcassets in Resources */,
			);
			runOnlyForDeploymentPostprocessing = 0;
		};
/* End PBXResourcesBuildPhase section */

/* Begin PBXSourcesBuildPhase section */
		575B1F6822B18734002A18B0 /* Sources */ = {
			isa = PBXSourcesBuildPhase;
			buildActionMask = 2147483647;
			files = (
				57DD098022B8377700E4CFAE /* TestData.swift in Sources */,
				575B1F7022B18734002A18B0 /* AppDelegate.swift in Sources */,
				570D760922B1888B000795BB /* StationDetailView.swift in Sources */,
				575B1F7222B18734002A18B0 /* SceneDelegate.swift in Sources */,
				575B1F7422B18734002A18B0 /* MainListView.swift in Sources */,
				57DD097C22B8376900E4CFAE /* CodableStructs.swift in Sources */,
				575B1F8A22B18768002A18B0 /* Constants.swift in Sources */,
				57F8B78522B979EA00613CCB /* BikeModelDemo.swift in Sources */,
				57F0F49322B4364A001361AB /* MapView.swift in Sources */,
				575B1F8722B18768002A18B0 /* CombineNetworking.swift in Sources */,
			);
			runOnlyForDeploymentPostprocessing = 0;
		};
/* End PBXSourcesBuildPhase section */

/* Begin PBXVariantGroup section */
		575B1F7A22B18736002A18B0 /* LaunchScreen.storyboard */ = {
			isa = PBXVariantGroup;
			children = (
				575B1F7B22B18736002A18B0 /* Base */,
			);
			name = LaunchScreen.storyboard;
			sourceTree = "<group>";
		};
/* End PBXVariantGroup section */

/* Begin XCBuildConfiguration section */
		575B1F7E22B18736002A18B0 /* Debug */ = {
			isa = XCBuildConfiguration;
			buildSettings = {
				ALWAYS_SEARCH_USER_PATHS = NO;
				CLANG_ANALYZER_NONNULL = YES;
				CLANG_ANALYZER_NUMBER_OBJECT_CONVERSION = YES_AGGRESSIVE;
				CLANG_CXX_LANGUAGE_STANDARD = "gnu++14";
				CLANG_CXX_LIBRARY = "libc++";
				CLANG_ENABLE_MODULES = YES;
				CLANG_ENABLE_OBJC_ARC = YES;
				CLANG_ENABLE_OBJC_WEAK = YES;
				CLANG_WARN_BLOCK_CAPTURE_AUTORELEASING = YES;
				CLANG_WARN_BOOL_CONVERSION = YES;
				CLANG_WARN_COMMA = YES;
				CLANG_WARN_CONSTANT_CONVERSION = YES;
				CLANG_WARN_DEPRECATED_OBJC_IMPLEMENTATIONS = YES;
				CLANG_WARN_DIRECT_OBJC_ISA_USAGE = YES_ERROR;
				CLANG_WARN_DOCUMENTATION_COMMENTS = YES;
				CLANG_WARN_EMPTY_BODY = YES;
				CLANG_WARN_ENUM_CONVERSION = YES;
				CLANG_WARN_INFINITE_RECURSION = YES;
				CLANG_WARN_INT_CONVERSION = YES;
				CLANG_WARN_NON_LITERAL_NULL_CONVERSION = YES;
				CLANG_WARN_OBJC_IMPLICIT_RETAIN_SELF = YES;
				CLANG_WARN_OBJC_LITERAL_CONVERSION = YES;
				CLANG_WARN_OBJC_ROOT_CLASS = YES_ERROR;
				CLANG_WARN_RANGE_LOOP_ANALYSIS = YES;
				CLANG_WARN_STRICT_PROTOTYPES = YES;
				CLANG_WARN_SUSPICIOUS_MOVE = YES;
				CLANG_WARN_UNGUARDED_AVAILABILITY = YES_AGGRESSIVE;
				CLANG_WARN_UNREACHABLE_CODE = YES;
				CLANG_WARN__DUPLICATE_METHOD_MATCH = YES;
				COPY_PHASE_STRIP = NO;
				DEBUG_INFORMATION_FORMAT = dwarf;
				ENABLE_STRICT_OBJC_MSGSEND = YES;
				ENABLE_TESTABILITY = YES;
				GCC_C_LANGUAGE_STANDARD = gnu11;
				GCC_DYNAMIC_NO_PIC = NO;
				GCC_NO_COMMON_BLOCKS = YES;
				GCC_OPTIMIZATION_LEVEL = 0;
				GCC_PREPROCESSOR_DEFINITIONS = (
					"DEBUG=1",
					"$(inherited)",
				);
				GCC_WARN_64_TO_32_BIT_CONVERSION = YES;
				GCC_WARN_ABOUT_RETURN_TYPE = YES_ERROR;
				GCC_WARN_UNDECLARED_SELECTOR = YES;
				GCC_WARN_UNINITIALIZED_AUTOS = YES_AGGRESSIVE;
				GCC_WARN_UNUSED_FUNCTION = YES;
				GCC_WARN_UNUSED_VARIABLE = YES;
				IPHONEOS_DEPLOYMENT_TARGET = 13.0;
				MTL_ENABLE_DEBUG_INFO = INCLUDE_SOURCE;
				MTL_FAST_MATH = YES;
				ONLY_ACTIVE_ARCH = YES;
				SDKROOT = iphoneos;
				SWIFT_ACTIVE_COMPILATION_CONDITIONS = DEBUG;
				SWIFT_OPTIMIZATION_LEVEL = "-Onone";
			};
			name = Debug;
		};
		575B1F7F22B18736002A18B0 /* Release */ = {
			isa = XCBuildConfiguration;
			buildSettings = {
				ALWAYS_SEARCH_USER_PATHS = NO;
				CLANG_ANALYZER_NONNULL = YES;
				CLANG_ANALYZER_NUMBER_OBJECT_CONVERSION = YES_AGGRESSIVE;
				CLANG_CXX_LANGUAGE_STANDARD = "gnu++14";
				CLANG_CXX_LIBRARY = "libc++";
				CLANG_ENABLE_MODULES = YES;
				CLANG_ENABLE_OBJC_ARC = YES;
				CLANG_ENABLE_OBJC_WEAK = YES;
				CLANG_WARN_BLOCK_CAPTURE_AUTORELEASING = YES;
				CLANG_WARN_BOOL_CONVERSION = YES;
				CLANG_WARN_COMMA = YES;
				CLANG_WARN_CONSTANT_CONVERSION = YES;
				CLANG_WARN_DEPRECATED_OBJC_IMPLEMENTATIONS = YES;
				CLANG_WARN_DIRECT_OBJC_ISA_USAGE = YES_ERROR;
				CLANG_WARN_DOCUMENTATION_COMMENTS = YES;
				CLANG_WARN_EMPTY_BODY = YES;
				CLANG_WARN_ENUM_CONVERSION = YES;
				CLANG_WARN_INFINITE_RECURSION = YES;
				CLANG_WARN_INT_CONVERSION = YES;
				CLANG_WARN_NON_LITERAL_NULL_CONVERSION = YES;
				CLANG_WARN_OBJC_IMPLICIT_RETAIN_SELF = YES;
				CLANG_WARN_OBJC_LITERAL_CONVERSION = YES;
				CLANG_WARN_OBJC_ROOT_CLASS = YES_ERROR;
				CLANG_WARN_RANGE_LOOP_ANALYSIS = YES;
				CLANG_WARN_STRICT_PROTOTYPES = YES;
				CLANG_WARN_SUSPICIOUS_MOVE = YES;
				CLANG_WARN_UNGUARDED_AVAILABILITY = YES_AGGRESSIVE;
				CLANG_WARN_UNREACHABLE_CODE = YES;
				CLANG_WARN__DUPLICATE_METHOD_MATCH = YES;
				COPY_PHASE_STRIP = NO;
				DEBUG_INFORMATION_FORMAT = "dwarf-with-dsym";
				ENABLE_NS_ASSERTIONS = NO;
				ENABLE_STRICT_OBJC_MSGSEND = YES;
				GCC_C_LANGUAGE_STANDARD = gnu11;
				GCC_NO_COMMON_BLOCKS = YES;
				GCC_WARN_64_TO_32_BIT_CONVERSION = YES;
				GCC_WARN_ABOUT_RETURN_TYPE = YES_ERROR;
				GCC_WARN_UNDECLARED_SELECTOR = YES;
				GCC_WARN_UNINITIALIZED_AUTOS = YES_AGGRESSIVE;
				GCC_WARN_UNUSED_FUNCTION = YES;
				GCC_WARN_UNUSED_VARIABLE = YES;
				IPHONEOS_DEPLOYMENT_TARGET = 13.0;
				MTL_ENABLE_DEBUG_INFO = NO;
				MTL_FAST_MATH = YES;
				SDKROOT = iphoneos;
				SWIFT_COMPILATION_MODE = wholemodule;
				SWIFT_OPTIMIZATION_LEVEL = "-O";
				VALIDATE_PRODUCT = YES;
			};
			name = Release;
		};
		575B1F8122B18736002A18B0 /* Debug */ = {
			isa = XCBuildConfiguration;
			buildSettings = {
				ASSETCATALOG_COMPILER_APPICON_NAME = AppIcon;
				CODE_SIGN_STYLE = Automatic;
				DEVELOPMENT_ASSET_PATHS = "test/Preview\\ Content";
				DEVELOPMENT_TEAM = 3C42F7N9CQ;
				ENABLE_PREVIEWS = YES;
				INFOPLIST_FILE = test/Info.plist;
				LD_RUNPATH_SEARCH_PATHS = (
					"$(inherited)",
					"@executable_path/Frameworks",
				);
				PRODUCT_BUNDLE_IDENTIFIER = co.jossy.test;
				PRODUCT_NAME = "$(TARGET_NAME)";
				SWIFT_VERSION = 5.0;
				TARGETED_DEVICE_FAMILY = "1,2";
			};
			name = Debug;
		};
		575B1F8222B18736002A18B0 /* Release */ = {
			isa = XCBuildConfiguration;
			buildSettings = {
				ASSETCATALOG_COMPILER_APPICON_NAME = AppIcon;
				CODE_SIGN_STYLE = Automatic;
				DEVELOPMENT_ASSET_PATHS = "test/Preview\\ Content";
				DEVELOPMENT_TEAM = 3C42F7N9CQ;
				ENABLE_PREVIEWS = YES;
				INFOPLIST_FILE = test/Info.plist;
				LD_RUNPATH_SEARCH_PATHS = (
					"$(inherited)",
					"@executable_path/Frameworks",
				);
				PRODUCT_BUNDLE_IDENTIFIER = co.jossy.test;
				PRODUCT_NAME = "$(TARGET_NAME)";
				SWIFT_VERSION = 5.0;
				TARGETED_DEVICE_FAMILY = "1,2";
			};
			name = Release;
		};
/* End XCBuildConfiguration section */

/* Begin XCConfigurationList section */
		575B1F6722B18734002A18B0 /* Build configuration list for PBXProject "BikeTestSwiftUICombine" */ = {
			isa = XCConfigurationList;
			buildConfigurations = (
				575B1F7E22B18736002A18B0 /* Debug */,
				575B1F7F22B18736002A18B0 /* Release */,
			);
			defaultConfigurationIsVisible = 0;
			defaultConfigurationName = Release;
		};
		575B1F8022B18736002A18B0 /* Build configuration list for PBXNativeTarget "BikeTestSwiftUICombine" */ = {
			isa = XCConfigurationList;
			buildConfigurations = (
				575B1F8122B18736002A18B0 /* Debug */,
				575B1F8222B18736002A18B0 /* Release */,
			);
			defaultConfigurationIsVisible = 0;
			defaultConfigurationName = Release;
		};
/* End XCConfigurationList section */
	};
	rootObject = 575B1F6422B18734002A18B0 /* Project object */;
}
